
Microsoft Visual Studio Solution File, Format Version 12.00
# Visual Studio Version 17
VisualStudioVersion = 17.5.002.0
MinimumVisualStudioVersion = 10.0.40219.1
Project("{9A19103F-16F7-4668-BE54-9A1E7A4F7556}") = "programa1", "programa1.csproj", "{3BC38A7C-9A45-4CB2-8996-A2E63FFAFCAB}"
EndProject
Global
	GlobalSection(SolutionConfigurationPlatforms) = preSolution
		Debug|Any CPU = Debug|Any CPU
		Release|Any CPU = Release|Any CPU
	EndGlobalSection
	GlobalSection(ProjectConfigurationPlatforms) = postSolution
		{3BC38A7C-9A45-4CB2-8996-A2E63FFAFCAB}.Debug|Any CPU.ActiveCfg = Debug|Any CPU
		{3BC38A7C-9A45-4CB2-8996-A2E63FFAFCAB}.Debug|Any CPU.Build.0 = Debug|Any CPU
		{3BC38A7C-9A45-4CB2-8996-A2E63FFAFCAB}.Release|Any CPU.ActiveCfg = Release|Any CPU
		{3BC38A7C-9A45-4CB2-8996-A2E63FFAFCAB}.Release|Any CPU.Build.0 = Release|Any CPU
	EndGlobalSection
	GlobalSection(SolutionProperties) = preSolution
		HideSolutionNode = FALSE
	EndGlobalSection
	GlobalSection(ExtensibilityGlobals) = postSolution
		SolutionGuid = {F7CD486C-939B-483F-87F4-06759E239101}
	EndGlobalSection
EndGlobal
